PackratFormat: 1.4
PackratVersion: 0.4.4
RVersion: 3.2.1
Repos: CRAN=http://mirror.las.iastate.edu/CRAN

Package: DT
Source: github
Version: 0.1.32
GithubRepo: DT
GithubUsername: rstudio
GithubRef: master
GithubSha1: 9d0940782e7986513ab7daa9385d7816b7c828ae
Hash: d1b3d1b723348e211d88498b2a0dd569
Requires: htmltools, htmlwidgets, magrittr

Package: Matrix
Source: CRAN
Version: 1.2-2
Hash: 29d2fc243e91572a4f1a83099e7f7d8f

Package: NLP
Source: CRAN
Version: 0.1-8
Hash: 06fece1966c1a9ff581c6806c0dac7dc

Package: R6
Source: CRAN
Version: 2.1.1
Hash: 20a88b2c9c84aecff2702789a4d102f5

Package: RColorBrewer
Source: CRAN
Version: 1.1-2
Hash: c0d56cd15034f395874c870141870c25

Package: Rcpp
Source: CRAN
Version: 0.12.0
Hash: 9cad2f0525579d98b5ec2536febaf0da

Package: chron
Source: CRAN
Version: 2.3-47
Hash: d25d96d908cd21080f24c89eed4c80a0

Package: colorspace
Source: CRAN
Version: 1.2-6
Hash: 00bb12245cd975c450cc4a960884fa15

Package: data.table
Source: CRAN
Version: 1.9.4
Hash: b89234fb0b26ff6f53399cb5359d71a1
Requires: chron, reshape2

Package: dichromat
Source: CRAN
Version: 2.0-0
Hash: 08eed0c80510af29bb15f840ccfe37ce

Package: digest
Source: CRAN
Version: 0.6.8
Hash: de202f956596a476d09304e3a2ebf1e5

Package: ggplot2
Source: CRAN
Version: 1.0.1
Hash: 4aff1b269135bd2cdea378f4f2f2895e
Requires: digest, gtable, plyr, proto, reshape2, scales

Package: gtable
Source: CRAN
Version: 0.1.2
Hash: 38a0f066373a60824cd3ade2362af363

Package: htmltools
Source: CRAN
Version: 0.2.6
Hash: 595e7dea94f5f049dfc1ed739f5161af
Requires: digest

Package: htmlwidgets
Source: CRAN
Version: 0.5
Hash: 0aa33e8666baac6fcff4e376789b9c2e
Requires: htmltools, jsonlite, yaml

Package: httpuv
Source: CRAN
Version: 1.3.3
Hash: 97c4b5e888e2396841f0c5e93de2cdc0
Requires: Rcpp

Package: jsonlite
Source: CRAN
Version: 0.9.16
Hash: 24d362a166a96ac1969e64ede522c717

Package: labeling
Source: CRAN
Version: 0.3
Hash: ecf589b42cd284b03a4beb9665482d3e

Package: magrittr
Source: CRAN
Version: 1.5
Hash: bdc4d48c3135e8f3b399536ddf160df4

Package: markdown
Source: CRAN
Version: 0.7.7
Hash: fea2343a1119d61b0cc5c0a950d103a3
Requires: mime

Package: mime
Source: CRAN
Version: 0.3
Hash: 629133973445ad75e5438a2bb6b05c17

Package: munsell
Source: CRAN
Version: 0.4.2
Hash: 72d343a6664778029f49a7ad36de1cab
Requires: colorspace

Package: packrat
Source: CRAN
Version: 0.4.4
Hash: aed7d17407538df551a57caf6289c8bf

Package: plyr
Source: CRAN
Version: 1.8.3
Hash: 244dc84caf66006e7424b8001b2b9c99
Requires: Rcpp

Package: proto
Source: CRAN
Version: 0.3-10
Hash: 05d7ad64db29a39d1b02c4b9f1f4edb2

Package: reshape2
Source: CRAN
Version: 1.4.1
Hash: 3131569136fc8988dd84ef57c9c28d5c
Requires: Rcpp, plyr, stringr

Package: scales
Source: CRAN
Version: 0.2.5
Hash: b0dc8e47269dd486bf853b2f3960b732
Requires: RColorBrewer, Rcpp, dichromat, labeling, munsell, plyr

Package: shiny
Source: CRAN
Version: 0.12.2
Hash: 31cd1fe3028ac7ef846adacf8ed5bfd2
Requires: R6, digest, htmltools, httpuv, jsonlite, mime, xtable

Package: shinyBS
Source: CRAN
Version: 0.61
Hash: 4644935bd93e62a0b82686b26af7efc2
Requires: htmltools, shiny

Package: shinythemes
Source: CRAN
Version: 1.0.1
Hash: 9a394ba0f9825789949d2253fbe853fa
Requires: shiny

Package: slam
Source: CRAN
Version: 0.1-32
Hash: bc3501cd4badda02e5be7837847c887d

Package: stringi
Source: CRAN
Version: 0.5-5
Hash: e7c67668a472e26e0c95bc8fa9049198

Package: stringr
Source: CRAN
Version: 1.0.0
Hash: 2676dd5f88890910962b733b0f9540e1
Requires: magrittr, stringi

Package: tm
Source: CRAN
Version: 0.6-2
Hash: 69b73ead3c7aeddd2b2cab86c80ee85c
Requires: NLP, slam

Package: wordcloud
Source: CRAN
Version: 2.5
Hash: e5c3c9143a41b5c40506eccbd773baae
Requires: RColorBrewer, Rcpp, slam

Package: xtable
Source: CRAN
Version: 1.7-4
Hash: 30ed90ebdd90a529aab31fd6792a8d61

Package: yaml
Source: CRAN
Version: 2.1.13
Hash: 4854ccabebc225e8a7309fb4a74980de
